
Microsoft Visual Studio Solution File, Format Version 12.00
# Visual Studio Version 17
VisualStudioVersion = 17.0.31912.275
MinimumVisualStudioVersion = 10.0.40219.1
Project("{FAE04EC0-301F-11D3-BF4B-00C04F79EFBC}") = "P01AplikacjaBazodanowa", "P01AplikacjaBazodanowa\P01AplikacjaBazodanowa.csproj", "{45D2F42D-760B-4465-A578-4B7F17CCEA29}"
EndProject
Project("{FAE04EC0-301F-11D3-BF4B-00C04F79EFBC}") = "P02PolaczenieZBaza", "P02PolaczenieZBaza\P02PolaczenieZBaza.csproj", "{3D8FC05E-B66C-483B-99C4-8C68D3712368}"
EndProject
Project("{FAE04EC0-301F-11D3-BF4B-00C04F79EFBC}") = "P03TabliceTablic", "P03TabliceTablic\P03TabliceTablic.csproj", "{DAABC255-8384-4B10-AB44-FFC9C5132C2E}"
EndProject
Project("{FAE04EC0-301F-11D3-BF4B-00C04F79EFBC}") = "P04AplikacjaOkienkowa", "P04AplikacjaOkienkowa\P04AplikacjaOkienkowa.csproj", "{2AB2E153-69FF-4688-A190-67A2E7404506}"
EndProject
Project("{FAE04EC0-301F-11D3-BF4B-00C04F79EFBC}") = "P05AplikacjaZawodnicy", "P05AplikacjaZawodnicy\P05AplikacjaZawodnicy.csproj", "{284FF31B-769D-4870-A383-B38DED925502}"
EndProject
Global
	GlobalSection(SolutionConfigurationPlatforms) = preSolution
		Debug|Any CPU = Debug|Any CPU
		Release|Any CPU = Release|Any CPU
	EndGlobalSection
	GlobalSection(ProjectConfigurationPlatforms) = postSolution
		{45D2F42D-760B-4465-A578-4B7F17CCEA29}.Debug|Any CPU.ActiveCfg = Debug|Any CPU
		{45D2F42D-760B-4465-A578-4B7F17CCEA29}.Debug|Any CPU.Build.0 = Debug|Any CPU
		{45D2F42D-760B-4465-A578-4B7F17CCEA29}.Release|Any CPU.ActiveCfg = Release|Any CPU
		{45D2F42D-760B-4465-A578-4B7F17CCEA29}.Release|Any CPU.Build.0 = Release|Any CPU
		{3D8FC05E-B66C-483B-99C4-8C68D3712368}.Debug|Any CPU.ActiveCfg = Debug|Any CPU
		{3D8FC05E-B66C-483B-99C4-8C68D3712368}.Debug|Any CPU.Build.0 = Debug|Any CPU
		{3D8FC05E-B66C-483B-99C4-8C68D3712368}.Release|Any CPU.ActiveCfg = Release|Any CPU
		{3D8FC05E-B66C-483B-99C4-8C68D3712368}.Release|Any CPU.Build.0 = Release|Any CPU
		{DAABC255-8384-4B10-AB44-FFC9C5132C2E}.Debug|Any CPU.ActiveCfg = Debug|Any CPU
		{DAABC255-8384-4B10-AB44-FFC9C5132C2E}.Debug|Any CPU.Build.0 = Debug|Any CPU
		{DAABC255-8384-4B10-AB44-FFC9C5132C2E}.Release|Any CPU.ActiveCfg = Release|Any CPU
		{DAABC255-8384-4B10-AB44-FFC9C5132C2E}.Release|Any CPU.Build.0 = Release|Any CPU
		{2AB2E153-69FF-4688-A190-67A2E7404506}.Debug|Any CPU.ActiveCfg = Debug|Any CPU
		{2AB2E153-69FF-4688-A190-67A2E7404506}.Debug|Any CPU.Build.0 = Debug|Any CPU
		{2AB2E153-69FF-4688-A190-67A2E7404506}.Release|Any CPU.ActiveCfg = Release|Any CPU
		{2AB2E153-69FF-4688-A190-67A2E7404506}.Release|Any CPU.Build.0 = Release|Any CPU
		{284FF31B-769D-4870-A383-B38DED925502}.Debug|Any CPU.ActiveCfg = Debug|Any CPU
		{284FF31B-769D-4870-A383-B38DED925502}.Debug|Any CPU.Build.0 = Debug|Any CPU
		{284FF31B-769D-4870-A383-B38DED925502}.Release|Any CPU.ActiveCfg = Release|Any CPU
		{284FF31B-769D-4870-A383-B38DED925502}.Release|Any CPU.Build.0 = Release|Any CPU
	EndGlobalSection
	GlobalSection(SolutionProperties) = preSolution
		HideSolutionNode = FALSE
	EndGlobalSection
	GlobalSection(ExtensibilityGlobals) = postSolution
		SolutionGuid = {3AEFF6AD-BBFF-4D00-A65E-8387E4727362}
	EndGlobalSection
EndGlobal
